PODS:
  - CTMediator (25)
  - Login (4)
  - Login_Extension (3):
    - CTMediator

DEPENDENCIES:
  - Login
  - Login_Extension

SPEC REPOS:
  https://github.com/simplecomponent/Private_Repo.git:
    - Login
    - Login_Extension
  https://mirrors.tuna.tsinghua.edu.cn/git/cocoapods/specs.git:
    - CTMediator

SPEC CHECKSUMS:
  CTMediator: 830c1fc204b3a6abf2a059510c7380f56343da0f
  Login: 48e0ff23ed7d9647af1b98c231ff7d7205905584
  Login_Extension: baf8e90b9451b0521f64eca0b110c223a241787d

PODFILE CHECKSUM: 254aeeebbc01b77167e143eece804bec6205b750

COCOAPODS: 1.7.5
